
Microsoft Visual Studio Solution File, Format Version 12.00
# Visual Studio Version 17
VisualStudioVersion = 17.0.31903.59
MinimumVisualStudioVersion = 10.0.40219.1
Project("{FAE04EC0-301F-11D3-BF4B-00C04F79EFBC}") = "hhreg", "hhreg\hhreg.csproj", "{AAFB8837-F8CD-4237-A149-83B3B2B2E597}"
EndProject
Project("{FAE04EC0-301F-11D3-BF4B-00C04F79EFBC}") = "hhreg.business", "hhreg.business\hhreg.business.csproj", "{05310455-C0DE-4BD8-98E4-09582587B4D4}"
EndProject
Project("{FAE04EC0-301F-11D3-BF4B-00C04F79EFBC}") = "hhreg.tests", "hhreg.tests\hhreg.tests.csproj", "{DA021B90-467A-439D-9113-FAB8B2C84C11}"
EndProject
Global
	GlobalSection(SolutionConfigurationPlatforms) = preSolution
		Debug|Any CPU = Debug|Any CPU
		Release|Any CPU = Release|Any CPU
	EndGlobalSection
	GlobalSection(SolutionProperties) = preSolution
		HideSolutionNode = FALSE
	EndGlobalSection
	GlobalSection(ProjectConfigurationPlatforms) = postSolution
		{AAFB8837-F8CD-4237-A149-83B3B2B2E597}.Debug|Any CPU.ActiveCfg = Debug|Any CPU
		{AAFB8837-F8CD-4237-A149-83B3B2B2E597}.Debug|Any CPU.Build.0 = Debug|Any CPU
		{AAFB8837-F8CD-4237-A149-83B3B2B2E597}.Release|Any CPU.ActiveCfg = Release|Any CPU
		{AAFB8837-F8CD-4237-A149-83B3B2B2E597}.Release|Any CPU.Build.0 = Release|Any CPU
		{05310455-C0DE-4BD8-98E4-09582587B4D4}.Debug|Any CPU.ActiveCfg = Debug|Any CPU
		{05310455-C0DE-4BD8-98E4-09582587B4D4}.Debug|Any CPU.Build.0 = Debug|Any CPU
		{05310455-C0DE-4BD8-98E4-09582587B4D4}.Release|Any CPU.ActiveCfg = Release|Any CPU
		{05310455-C0DE-4BD8-98E4-09582587B4D4}.Release|Any CPU.Build.0 = Release|Any CPU
		{DA021B90-467A-439D-9113-FAB8B2C84C11}.Debug|Any CPU.ActiveCfg = Debug|Any CPU
		{DA021B90-467A-439D-9113-FAB8B2C84C11}.Debug|Any CPU.Build.0 = Debug|Any CPU
		{DA021B90-467A-439D-9113-FAB8B2C84C11}.Release|Any CPU.ActiveCfg = Release|Any CPU
		{DA021B90-467A-439D-9113-FAB8B2C84C11}.Release|Any CPU.Build.0 = Release|Any CPU
	EndGlobalSection
EndGlobal
