
Microsoft Visual Studio Solution File, Format Version 12.00
# Visual Studio Version 17
VisualStudioVersion = 17.0.31903.59
MinimumVisualStudioVersion = 10.0.40219.1
Project("{FAE04EC0-301F-11D3-BF4B-00C04F79EFBC}") = "Hhreg", "Hhreg\Hhreg.csproj", "{5E9BC1B8-3D45-455A-9801-FAFE390BFE6E}"
EndProject
Project("{FAE04EC0-301F-11D3-BF4B-00C04F79EFBC}") = "Hhreg.Business", "Hhreg.Business\Hhreg.Business.csproj", "{BE2FA840-0FE0-4964-8375-F0F581B00625}"
EndProject
Project("{FAE04EC0-301F-11D3-BF4B-00C04F79EFBC}") = "Hhreg.Tests", "Hhreg.Tests\Hhreg.Tests.csproj", "{7C879CBD-3F0C-4367-907C-102AE164FBE9}"
EndProject
Global
	GlobalSection(SolutionConfigurationPlatforms) = preSolution
		Debug|Any CPU = Debug|Any CPU
		Release|Any CPU = Release|Any CPU
	EndGlobalSection
	GlobalSection(SolutionProperties) = preSolution
		HideSolutionNode = FALSE
	EndGlobalSection
	GlobalSection(ProjectConfigurationPlatforms) = postSolution
		{5E9BC1B8-3D45-455A-9801-FAFE390BFE6E}.Debug|Any CPU.ActiveCfg = Debug|Any CPU
		{5E9BC1B8-3D45-455A-9801-FAFE390BFE6E}.Debug|Any CPU.Build.0 = Debug|Any CPU
		{5E9BC1B8-3D45-455A-9801-FAFE390BFE6E}.Release|Any CPU.ActiveCfg = Release|Any CPU
		{5E9BC1B8-3D45-455A-9801-FAFE390BFE6E}.Release|Any CPU.Build.0 = Release|Any CPU
		{BE2FA840-0FE0-4964-8375-F0F581B00625}.Debug|Any CPU.ActiveCfg = Debug|Any CPU
		{BE2FA840-0FE0-4964-8375-F0F581B00625}.Debug|Any CPU.Build.0 = Debug|Any CPU
		{BE2FA840-0FE0-4964-8375-F0F581B00625}.Release|Any CPU.ActiveCfg = Release|Any CPU
		{BE2FA840-0FE0-4964-8375-F0F581B00625}.Release|Any CPU.Build.0 = Release|Any CPU
		{7C879CBD-3F0C-4367-907C-102AE164FBE9}.Debug|Any CPU.ActiveCfg = Debug|Any CPU
		{7C879CBD-3F0C-4367-907C-102AE164FBE9}.Debug|Any CPU.Build.0 = Debug|Any CPU
		{7C879CBD-3F0C-4367-907C-102AE164FBE9}.Release|Any CPU.ActiveCfg = Release|Any CPU
		{7C879CBD-3F0C-4367-907C-102AE164FBE9}.Release|Any CPU.Build.0 = Release|Any CPU
	EndGlobalSection
EndGlobal
